
Microsoft Visual Studio Solution File, Format Version 12.00
# Visual Studio 15
VisualStudioVersion = 15.0.28010.2026
MinimumVisualStudioVersion = 10.0.40219.1
Project("{FAE04EC0-301F-11D3-BF4B-00C04F79EFBC}") = "MyKTAppWebAPI", "MyKTAppWebAPI\MyKTAppWebAPI.csproj", "{9584A64E-A5C9-4686-8B59-708AFCD98E21}"
EndProject
Global
	GlobalSection(SolutionConfigurationPlatforms) = preSolution
		Debug|Any CPU = Debug|Any CPU
		Release|Any CPU = Release|Any CPU
	EndGlobalSection
	GlobalSection(ProjectConfigurationPlatforms) = postSolution
		{9584A64E-A5C9-4686-8B59-708AFCD98E21}.Debug|Any CPU.ActiveCfg = Debug|Any CPU
		{9584A64E-A5C9-4686-8B59-708AFCD98E21}.Debug|Any CPU.Build.0 = Debug|Any CPU
		{9584A64E-A5C9-4686-8B59-708AFCD98E21}.Release|Any CPU.ActiveCfg = Release|Any CPU
		{9584A64E-A5C9-4686-8B59-708AFCD98E21}.Release|Any CPU.Build.0 = Release|Any CPU
	EndGlobalSection
	GlobalSection(SolutionProperties) = preSolution
		HideSolutionNode = FALSE
	EndGlobalSection
	GlobalSection(ExtensibilityGlobals) = postSolution
		SolutionGuid = {88736B4C-953A-44A7-919B-E13035A8E7C6}
	EndGlobalSection
EndGlobal
